
Microsoft Visual Studio Solution File, Format Version 12.00
# Visual Studio Version 16
VisualStudioVersion = 16.0.29920.165
MinimumVisualStudioVersion = 10.0.40219.1
Project("{9A19103F-16F7-4668-BE54-9A1E7A4F7556}") = "Uvon_Desktop", "Uvon_Desktop\Uvon_Desktop.csproj", "{F3631AD1-78AD-4101-8773-903A94B9D98B}"
EndProject
Project("{54435603-DBB4-11D2-8724-00A0C9A8B90C}") = "UvonSetup", "UvonSetup\UvonSetup.vdproj", "{71FA558E-408A-41C1-9F45-8FA8F981D6CE}"
EndProject
Global
	GlobalSection(SolutionConfigurationPlatforms) = preSolution
		Debug|Any CPU = Debug|Any CPU
		Release|Any CPU = Release|Any CPU
	EndGlobalSection
	GlobalSection(ProjectConfigurationPlatforms) = postSolution
		{F3631AD1-78AD-4101-8773-903A94B9D98B}.Debug|Any CPU.ActiveCfg = Debug|Any CPU
		{F3631AD1-78AD-4101-8773-903A94B9D98B}.Debug|Any CPU.Build.0 = Debug|Any CPU
		{F3631AD1-78AD-4101-8773-903A94B9D98B}.Release|Any CPU.ActiveCfg = Release|Any CPU
		{F3631AD1-78AD-4101-8773-903A94B9D98B}.Release|Any CPU.Build.0 = Release|Any CPU
		{71FA558E-408A-41C1-9F45-8FA8F981D6CE}.Debug|Any CPU.ActiveCfg = Debug
		{71FA558E-408A-41C1-9F45-8FA8F981D6CE}.Release|Any CPU.ActiveCfg = Release
	EndGlobalSection
	GlobalSection(SolutionProperties) = preSolution
		HideSolutionNode = FALSE
	EndGlobalSection
	GlobalSection(ExtensibilityGlobals) = postSolution
		SolutionGuid = {085C3F22-02AD-461E-B158-A450B569FD04}
	EndGlobalSection
EndGlobal
